
Microsoft Visual Studio Solution File, Format Version 12.00
# Visual Studio Version 16
VisualStudioVersion = 16.0.29613.14
MinimumVisualStudioVersion = 10.0.40219.1
Project("{FAE04EC0-301F-11D3-BF4B-00C04F79EFBC}") = "bk-dotnet-template", "bk-dotnet-template\bk-dotnet-template.csproj", "{1DC370F1-9FC7-4D9B-9B6A-933C287F06C1}"
EndProject
Global
	GlobalSection(SolutionConfigurationPlatforms) = preSolution
		Debug|Any CPU = Debug|Any CPU
		Release|Any CPU = Release|Any CPU
	EndGlobalSection
	GlobalSection(ProjectConfigurationPlatforms) = postSolution
		{1DC370F1-9FC7-4D9B-9B6A-933C287F06C1}.Debug|Any CPU.ActiveCfg = Debug|Any CPU
		{1DC370F1-9FC7-4D9B-9B6A-933C287F06C1}.Debug|Any CPU.Build.0 = Debug|Any CPU
		{1DC370F1-9FC7-4D9B-9B6A-933C287F06C1}.Release|Any CPU.ActiveCfg = Release|Any CPU
		{1DC370F1-9FC7-4D9B-9B6A-933C287F06C1}.Release|Any CPU.Build.0 = Release|Any CPU
	EndGlobalSection
	GlobalSection(SolutionProperties) = preSolution
		HideSolutionNode = FALSE
	EndGlobalSection
	GlobalSection(ExtensibilityGlobals) = postSolution
		SolutionGuid = {230411E8-7D3E-4D64-BD5C-ED36CA7A7399}
	EndGlobalSection
EndGlobal
